{
  "version": "5",
  "specifiers": {
    "npm:valibot@^1.1.0": "1.1.0"
  },
  "npm": {
    "valibot@1.1.0": {
      "integrity": "sha512-Nk8lX30Qhu+9txPYTwM0cFlWLdPFsFr6LblzqIySfbZph9+BFsAHsNvHOymEviUepeIW6KFHzpX8TKhbptBXXw=="
    }
  },
  "workspace": {
    "packageJson": {
      "dependencies": [
        "npm:@solidjs/start@^1.1.2",
        "npm:@tanstack/router-plugin@^1.112.0",
        "npm:@tanstack/solid-router-devtools@^1.114.1",
        "npm:@tanstack/solid-router@^1.114.1",
        "npm:@types/node@^24.3.1",
        "npm:solid-js@^1.9.5",
        "npm:valibot@^1.1.0",
        "npm:vinxi@~0.5.7"
      ]
    }
  }
}
